
Microsoft Visual Studio Solution File, Format Version 12.00
# Visual Studio Version 17
VisualStudioVersion = 17.8.34330.188
MinimumVisualStudioVersion = 10.0.40219.1
Project("{FAE04EC0-301F-11D3-BF4B-00C04F79EFBC}") = "PressToVideo", "PressToVideo\PressToVideo.csproj", "{678A472F-4C06-4ED6-9CB7-837D5BE88B47}"
EndProject
Project("{9A19103F-16F7-4668-BE54-9A1E7A4F7556}") = "PptxToVideo", "PptxToVideo\PptxToVideo.csproj", "{6534546D-EC72-4F2F-A283-E62C7E3123C7}"
EndProject
Project("{FAE04EC0-301F-11D3-BF4B-00C04F79EFBC}") = "SpirePptxToVideo", "SpirePptxToVideo\SpirePptxToVideo.csproj", "{1669DE3E-8B9F-421D-B1CC-1FED64509D9F}"
EndProject
Global
	GlobalSection(SolutionConfigurationPlatforms) = preSolution
		Debug|Any CPU = Debug|Any CPU
		Release|Any CPU = Release|Any CPU
	EndGlobalSection
	GlobalSection(ProjectConfigurationPlatforms) = postSolution
		{678A472F-4C06-4ED6-9CB7-837D5BE88B47}.Debug|Any CPU.ActiveCfg = Debug|Any CPU
		{678A472F-4C06-4ED6-9CB7-837D5BE88B47}.Debug|Any CPU.Build.0 = Debug|Any CPU
		{678A472F-4C06-4ED6-9CB7-837D5BE88B47}.Release|Any CPU.ActiveCfg = Release|Any CPU
		{678A472F-4C06-4ED6-9CB7-837D5BE88B47}.Release|Any CPU.Build.0 = Release|Any CPU
		{6534546D-EC72-4F2F-A283-E62C7E3123C7}.Debug|Any CPU.ActiveCfg = Debug|Any CPU
		{6534546D-EC72-4F2F-A283-E62C7E3123C7}.Debug|Any CPU.Build.0 = Debug|Any CPU
		{6534546D-EC72-4F2F-A283-E62C7E3123C7}.Release|Any CPU.ActiveCfg = Release|Any CPU
		{6534546D-EC72-4F2F-A283-E62C7E3123C7}.Release|Any CPU.Build.0 = Release|Any CPU
		{1669DE3E-8B9F-421D-B1CC-1FED64509D9F}.Debug|Any CPU.ActiveCfg = Debug|Any CPU
		{1669DE3E-8B9F-421D-B1CC-1FED64509D9F}.Debug|Any CPU.Build.0 = Debug|Any CPU
		{1669DE3E-8B9F-421D-B1CC-1FED64509D9F}.Release|Any CPU.ActiveCfg = Release|Any CPU
		{1669DE3E-8B9F-421D-B1CC-1FED64509D9F}.Release|Any CPU.Build.0 = Release|Any CPU
	EndGlobalSection
	GlobalSection(SolutionProperties) = preSolution
		HideSolutionNode = FALSE
	EndGlobalSection
	GlobalSection(ExtensibilityGlobals) = postSolution
		SolutionGuid = {BA948997-FD19-4B5C-BC6B-78D1BBE47F46}
	EndGlobalSection
EndGlobal
